
Microsoft Visual Studio Solution File, Format Version 12.00
# Visual Studio 2012
Project("{FAE04EC0-301F-11D3-BF4B-00C04F79EFBC}") = "Scoreboard.Droid", "Droid\Scoreboard.Droid.csproj", "{30F5A114-B426-42A0-B647-B3B7640147F8}"
EndProject
Project("{FAE04EC0-301F-11D3-BF4B-00C04F79EFBC}") = "Scoreboard.iOS", "iOS\Scoreboard.iOS.csproj", "{5FE2AF78-02E9-42F3-9C61-29D3DF3ECD34}"
EndProject
Project("{FAE04EC0-301F-11D3-BF4B-00C04F79EFBC}") = "Scoreboard", "Scoreboard.csproj", "{CFDC2D15-5587-438C-B3C3-4B40792D73F6}"
EndProject
Global
	GlobalSection(SolutionConfigurationPlatforms) = preSolution
		Debug|Any CPU = Debug|Any CPU
		Release|Any CPU = Release|Any CPU
		Debug|iPhoneSimulator = Debug|iPhoneSimulator
		Release|iPhone = Release|iPhone
		Release|iPhoneSimulator = Release|iPhoneSimulator
		Debug|iPhone = Debug|iPhone
	EndGlobalSection
	GlobalSection(ProjectConfigurationPlatforms) = postSolution
		{30F5A114-B426-42A0-B647-B3B7640147F8}.Debug|Any CPU.ActiveCfg = Debug|Any CPU
		{30F5A114-B426-42A0-B647-B3B7640147F8}.Debug|Any CPU.Build.0 = Debug|Any CPU
		{30F5A114-B426-42A0-B647-B3B7640147F8}.Release|Any CPU.ActiveCfg = Release|Any CPU
		{30F5A114-B426-42A0-B647-B3B7640147F8}.Release|Any CPU.Build.0 = Release|Any CPU
		{30F5A114-B426-42A0-B647-B3B7640147F8}.Debug|iPhoneSimulator.ActiveCfg = Debug|Any CPU
		{30F5A114-B426-42A0-B647-B3B7640147F8}.Debug|iPhoneSimulator.Build.0 = Debug|Any CPU
		{30F5A114-B426-42A0-B647-B3B7640147F8}.Release|iPhone.ActiveCfg = Release|Any CPU
		{30F5A114-B426-42A0-B647-B3B7640147F8}.Release|iPhone.Build.0 = Release|Any CPU
		{30F5A114-B426-42A0-B647-B3B7640147F8}.Release|iPhoneSimulator.ActiveCfg = Release|Any CPU
		{30F5A114-B426-42A0-B647-B3B7640147F8}.Release|iPhoneSimulator.Build.0 = Release|Any CPU
		{30F5A114-B426-42A0-B647-B3B7640147F8}.Debug|iPhone.ActiveCfg = Debug|Any CPU
		{30F5A114-B426-42A0-B647-B3B7640147F8}.Debug|iPhone.Build.0 = Debug|Any CPU
		{5FE2AF78-02E9-42F3-9C61-29D3DF3ECD34}.Debug|Any CPU.ActiveCfg = Debug|iPhoneSimulator
		{5FE2AF78-02E9-42F3-9C61-29D3DF3ECD34}.Debug|Any CPU.Build.0 = Debug|iPhoneSimulator
		{5FE2AF78-02E9-42F3-9C61-29D3DF3ECD34}.Release|Any CPU.ActiveCfg = Release|iPhone
		{5FE2AF78-02E9-42F3-9C61-29D3DF3ECD34}.Release|Any CPU.Build.0 = Release|iPhone
		{5FE2AF78-02E9-42F3-9C61-29D3DF3ECD34}.Debug|iPhoneSimulator.ActiveCfg = Debug|iPhoneSimulator
		{5FE2AF78-02E9-42F3-9C61-29D3DF3ECD34}.Debug|iPhoneSimulator.Build.0 = Debug|iPhoneSimulator
		{5FE2AF78-02E9-42F3-9C61-29D3DF3ECD34}.Release|iPhone.ActiveCfg = Release|iPhone
		{5FE2AF78-02E9-42F3-9C61-29D3DF3ECD34}.Release|iPhone.Build.0 = Release|iPhone
		{5FE2AF78-02E9-42F3-9C61-29D3DF3ECD34}.Release|iPhoneSimulator.ActiveCfg = Release|iPhoneSimulator
		{5FE2AF78-02E9-42F3-9C61-29D3DF3ECD34}.Release|iPhoneSimulator.Build.0 = Release|iPhoneSimulator
		{5FE2AF78-02E9-42F3-9C61-29D3DF3ECD34}.Debug|iPhone.ActiveCfg = Debug|iPhone
		{5FE2AF78-02E9-42F3-9C61-29D3DF3ECD34}.Debug|iPhone.Build.0 = Debug|iPhone
		{CFDC2D15-5587-438C-B3C3-4B40792D73F6}.Debug|Any CPU.ActiveCfg = Debug|Any CPU
		{CFDC2D15-5587-438C-B3C3-4B40792D73F6}.Debug|Any CPU.Build.0 = Debug|Any CPU
		{CFDC2D15-5587-438C-B3C3-4B40792D73F6}.Release|Any CPU.ActiveCfg = Release|Any CPU
		{CFDC2D15-5587-438C-B3C3-4B40792D73F6}.Release|Any CPU.Build.0 = Release|Any CPU
		{CFDC2D15-5587-438C-B3C3-4B40792D73F6}.Debug|iPhoneSimulator.ActiveCfg = Debug|Any CPU
		{CFDC2D15-5587-438C-B3C3-4B40792D73F6}.Debug|iPhoneSimulator.Build.0 = Debug|Any CPU
		{CFDC2D15-5587-438C-B3C3-4B40792D73F6}.Release|iPhone.ActiveCfg = Release|Any CPU
		{CFDC2D15-5587-438C-B3C3-4B40792D73F6}.Release|iPhone.Build.0 = Release|Any CPU
		{CFDC2D15-5587-438C-B3C3-4B40792D73F6}.Release|iPhoneSimulator.ActiveCfg = Release|Any CPU
		{CFDC2D15-5587-438C-B3C3-4B40792D73F6}.Release|iPhoneSimulator.Build.0 = Release|Any CPU
		{CFDC2D15-5587-438C-B3C3-4B40792D73F6}.Debug|iPhone.ActiveCfg = Debug|Any CPU
		{CFDC2D15-5587-438C-B3C3-4B40792D73F6}.Debug|iPhone.Build.0 = Debug|Any CPU
	EndGlobalSection
EndGlobal
